
Microsoft Visual Studio Solution File, Format Version 12.00
# Visual Studio Version 16
VisualStudioVersion = 16.0.31729.503
MinimumVisualStudioVersion = 10.0.40219.1
Project("{FAE04EC0-301F-11D3-BF4B-00C04F79EFBC}") = "GismeteoParser.Grabber", "GismeteoParser.Grabber\GismeteoParser.Grabber.csproj", "{66E46633-F93E-4455-AAAA-911E2E1A00B2}"
EndProject
Project("{FAE04EC0-301F-11D3-BF4B-00C04F79EFBC}") = "GismeteoParser.Data", "GismeteoParser.Data\GismeteoParser.Data.csproj", "{BACD3389-2EE7-4335-BBF7-EF1EE1696922}"
EndProject
Project("{FAE04EC0-301F-11D3-BF4B-00C04F79EFBC}") = "GismeteoParser.Service", "GismeteoParser.Service\GismeteoParser.Service.csproj", "{67EF9929-21C3-42E0-BA9C-7268932685D2}"
EndProject
Project("{FAE04EC0-301F-11D3-BF4B-00C04F79EFBC}") = "GismeteoParser.ConsoleClient", "GismeteoParser.ConsoleClient\GismeteoParser.ConsoleClient.csproj", "{0FC0CEFA-AA6F-46C2-BE64-8C2FF6D9E112}"
EndProject
Project("{FAE04EC0-301F-11D3-BF4B-00C04F79EFBC}") = "GismeteoParser.WebClient", "GismeteoParser.WebClient\GismeteoParser.WebClient.csproj", "{68D84E6A-D5EE-4EBE-AB35-ED9825BE1C9D}"
EndProject
Project("{FAE04EC0-301F-11D3-BF4B-00C04F79EFBC}") = "GismeteoParser.WebService", "GismeteoParser.WebService\GismeteoParser.WebService.csproj", "{B3A1C695-22AA-478D-9D2D-73BA23D0C5A8}"
EndProject
Global
	GlobalSection(SolutionConfigurationPlatforms) = preSolution
		Debug|Any CPU = Debug|Any CPU
		Release|Any CPU = Release|Any CPU
	EndGlobalSection
	GlobalSection(ProjectConfigurationPlatforms) = postSolution
		{66E46633-F93E-4455-AAAA-911E2E1A00B2}.Debug|Any CPU.ActiveCfg = Debug|Any CPU
		{66E46633-F93E-4455-AAAA-911E2E1A00B2}.Debug|Any CPU.Build.0 = Debug|Any CPU
		{66E46633-F93E-4455-AAAA-911E2E1A00B2}.Release|Any CPU.ActiveCfg = Release|Any CPU
		{66E46633-F93E-4455-AAAA-911E2E1A00B2}.Release|Any CPU.Build.0 = Release|Any CPU
		{BACD3389-2EE7-4335-BBF7-EF1EE1696922}.Debug|Any CPU.ActiveCfg = Debug|Any CPU
		{BACD3389-2EE7-4335-BBF7-EF1EE1696922}.Debug|Any CPU.Build.0 = Debug|Any CPU
		{BACD3389-2EE7-4335-BBF7-EF1EE1696922}.Release|Any CPU.ActiveCfg = Release|Any CPU
		{BACD3389-2EE7-4335-BBF7-EF1EE1696922}.Release|Any CPU.Build.0 = Release|Any CPU
		{67EF9929-21C3-42E0-BA9C-7268932685D2}.Debug|Any CPU.ActiveCfg = Debug|Any CPU
		{67EF9929-21C3-42E0-BA9C-7268932685D2}.Debug|Any CPU.Build.0 = Debug|Any CPU
		{67EF9929-21C3-42E0-BA9C-7268932685D2}.Release|Any CPU.ActiveCfg = Release|Any CPU
		{67EF9929-21C3-42E0-BA9C-7268932685D2}.Release|Any CPU.Build.0 = Release|Any CPU
		{0FC0CEFA-AA6F-46C2-BE64-8C2FF6D9E112}.Debug|Any CPU.ActiveCfg = Debug|Any CPU
		{0FC0CEFA-AA6F-46C2-BE64-8C2FF6D9E112}.Debug|Any CPU.Build.0 = Debug|Any CPU
		{0FC0CEFA-AA6F-46C2-BE64-8C2FF6D9E112}.Release|Any CPU.ActiveCfg = Release|Any CPU
		{0FC0CEFA-AA6F-46C2-BE64-8C2FF6D9E112}.Release|Any CPU.Build.0 = Release|Any CPU
		{68D84E6A-D5EE-4EBE-AB35-ED9825BE1C9D}.Debug|Any CPU.ActiveCfg = Debug|Any CPU
		{68D84E6A-D5EE-4EBE-AB35-ED9825BE1C9D}.Debug|Any CPU.Build.0 = Debug|Any CPU
		{68D84E6A-D5EE-4EBE-AB35-ED9825BE1C9D}.Release|Any CPU.ActiveCfg = Release|Any CPU
		{68D84E6A-D5EE-4EBE-AB35-ED9825BE1C9D}.Release|Any CPU.Build.0 = Release|Any CPU
		{B3A1C695-22AA-478D-9D2D-73BA23D0C5A8}.Debug|Any CPU.ActiveCfg = Debug|Any CPU
		{B3A1C695-22AA-478D-9D2D-73BA23D0C5A8}.Debug|Any CPU.Build.0 = Debug|Any CPU
		{B3A1C695-22AA-478D-9D2D-73BA23D0C5A8}.Release|Any CPU.ActiveCfg = Release|Any CPU
		{B3A1C695-22AA-478D-9D2D-73BA23D0C5A8}.Release|Any CPU.Build.0 = Release|Any CPU
	EndGlobalSection
	GlobalSection(SolutionProperties) = preSolution
		HideSolutionNode = FALSE
	EndGlobalSection
	GlobalSection(ExtensibilityGlobals) = postSolution
		SolutionGuid = {F59F2857-D21F-4615-BC23-1A8160B0862F}
	EndGlobalSection
EndGlobal
